
Microsoft Visual Studio Solution File, Format Version 12.00
# Visual Studio Version 17
VisualStudioVersion = 17.7.34024.191
MinimumVisualStudioVersion = 10.0.40219.1
Project("{FAE04EC0-301F-11D3-BF4B-00C04F79EFBC}") = "MagicVilla_VillaAPI", "MagicVilla_VillaAPI\MagicVilla_VillaAPI.csproj", "{3568A688-04A1-4FA3-B950-399A29EC43C7}"
EndProject
Global
	GlobalSection(SolutionConfigurationPlatforms) = preSolution
		Debug|Any CPU = Debug|Any CPU
		Release|Any CPU = Release|Any CPU
	EndGlobalSection
	GlobalSection(ProjectConfigurationPlatforms) = postSolution
		{3568A688-04A1-4FA3-B950-399A29EC43C7}.Debug|Any CPU.ActiveCfg = Debug|Any CPU
		{3568A688-04A1-4FA3-B950-399A29EC43C7}.Debug|Any CPU.Build.0 = Debug|Any CPU
		{3568A688-04A1-4FA3-B950-399A29EC43C7}.Release|Any CPU.ActiveCfg = Release|Any CPU
		{3568A688-04A1-4FA3-B950-399A29EC43C7}.Release|Any CPU.Build.0 = Release|Any CPU
	EndGlobalSection
	GlobalSection(SolutionProperties) = preSolution
		HideSolutionNode = FALSE
	EndGlobalSection
	GlobalSection(ExtensibilityGlobals) = postSolution
		SolutionGuid = {F600ACE2-F32F-4600-9571-C3AED3F81C3B}
	EndGlobalSection
EndGlobal
